
Microsoft Visual Studio Solution File, Format Version 12.00
# Visual Studio Version 17
VisualStudioVersion = 17.10.35013.160
MinimumVisualStudioVersion = 10.0.40219.1
Project("{2150E333-8FDC-42A3-9474-1A3956D46DE8}") = "CQRS-ES", "CQRS-ES", "{56FCDEE8-0132-4960-B981-8778BC3F7029}"
EndProject
Project("{2150E333-8FDC-42A3-9474-1A3956D46DE8}") = "SM-Post", "SM-Post", "{20A2EFA8-69B3-4428-BC95-A8E1BF1E7D53}"
EndProject
Project("{2150E333-8FDC-42A3-9474-1A3956D46DE8}") = "Post.Cmd", "Post.Cmd", "{AAA63E0D-60A7-46A8-9B99-1F49791606DE}"
EndProject
Project("{2150E333-8FDC-42A3-9474-1A3956D46DE8}") = "Post.Query", "Post.Query", "{2EC4621A-2868-45E3-8538-4B0B6C9CBCD4}"
EndProject
Project("{2150E333-8FDC-42A3-9474-1A3956D46DE8}") = "Post.Cmd.Domain", "Post.Cmd.Domain", "{169003DF-6010-42D4-B3A9-869E78CEFF7B}"
EndProject
Project("{2150E333-8FDC-42A3-9474-1A3956D46DE8}") = "Post.Cmd.Infrastructure", "Post.Cmd.Infrastructure", "{55CCF519-D6DF-4015-981F-B9F5161095C9}"
EndProject
Project("{2150E333-8FDC-42A3-9474-1A3956D46DE8}") = "Post.Query.Api", "Post.Query.Api", "{8F1C33CC-C552-46E9-8C05-9696AF8F8A19}"
EndProject
Project("{2150E333-8FDC-42A3-9474-1A3956D46DE8}") = "Post.Query.Domain", "Post.Query.Domain", "{736DCF46-01E6-4F50-A2E2-F9EA3994BB0F}"
EndProject
Project("{2150E333-8FDC-42A3-9474-1A3956D46DE8}") = "Post.Query.Infrastructure", "Post.Query.Infrastructure", "{2EF42289-C8C9-4E47-B78D-F0CEB8BC9D03}"
EndProject
Project("{2150E333-8FDC-42A3-9474-1A3956D46DE8}") = "CQRS.Core", "CQRS.Core", "{9C66D3C3-684E-42B8-A752-98D60604AC15}"
EndProject
Project("{9A19103F-16F7-4668-BE54-9A1E7A4F7556}") = "Post.Cmd.Domain", "SM-Post\Post.Cmd.Domain\Post.Cmd.Domain.csproj", "{E6817527-E89A-47DB-82E3-D3DC0268DB36}"
EndProject
Project("{9A19103F-16F7-4668-BE54-9A1E7A4F7556}") = "Post.Cmd.Infrastructure", "SM-Post\Post.Cmd.Infrastructure\Post.Cmd.Infrastructure.csproj", "{F69B9598-0B15-41C4-BFC1-32D9CEC0935E}"
EndProject
Project("{2150E333-8FDC-42A3-9474-1A3956D46DE8}") = "Post.Common", "Post.Common", "{D99A9C72-C8D5-4279-A39F-C2A3D086CEBE}"
EndProject
Project("{2150E333-8FDC-42A3-9474-1A3956D46DE8}") = "Post.Common.Api", "Post.Common.Api", "{63F112F5-648A-4142-8C90-FEA3339C0CF8}"
EndProject
Project("{2150E333-8FDC-42A3-9474-1A3956D46DE8}") = "Post.Common.Domain", "Post.Common.Domain", "{32BFC074-08E6-4CE1-9F99-04C778B642E3}"
EndProject
Project("{2150E333-8FDC-42A3-9474-1A3956D46DE8}") = "Post.Common.Infrastructure", "Post.Common.Infrastructure", "{C395B9C3-FEF1-416E-A58B-46F7E82BAC1D}"
EndProject
Project("{9A19103F-16F7-4668-BE54-9A1E7A4F7556}") = "Post.Common.Api", "SM-Post\Post.Common.Api\Post.Common.Api.csproj", "{CB01AD90-B9DB-40AE-9D3C-08C165D88C48}"
EndProject
Project("{9A19103F-16F7-4668-BE54-9A1E7A4F7556}") = "Post.Common.Domain", "SM-Post\Post.Common.Domain\Post.Common.Domain.csproj", "{B8EE3B42-773F-4491-9B04-FEC6ADA38E08}"
EndProject
Project("{9A19103F-16F7-4668-BE54-9A1E7A4F7556}") = "Post.Common.Infrastructure", "SM-Post\Post.Common.Infrastructure\Post.Common.Infrastructure.csproj", "{7D8E76A4-908B-478A-BAA9-F8C29076F1EB}"
EndProject
Project("{9A19103F-16F7-4668-BE54-9A1E7A4F7556}") = "Post.Query.Api", "SM-Post\Post.Query.Api\Post.Query.Api.csproj", "{03876E86-8428-4A38-831E-66DB24C17B94}"
EndProject
Project("{9A19103F-16F7-4668-BE54-9A1E7A4F7556}") = "Post.Query.Domain", "SM-Post\Post.Query.Domain\Post.Query.Domain.csproj", "{6985BDA7-7C86-4901-AE8A-6CEEC4DB2BFC}"
EndProject
Project("{9A19103F-16F7-4668-BE54-9A1E7A4F7556}") = "Post.Query.Infrastructure", "SM-Post\Post.Query.Infrastructure\Post.Query.Infrastructure.csproj", "{65B092D3-E875-44B4-92EC-2208298720DA}"
EndProject
Project("{9A19103F-16F7-4668-BE54-9A1E7A4F7556}") = "CQRS.Core", "CQRS.Core\CQRS.Core.csproj", "{2A96D1CE-9B18-4575-A189-E36E14873696}"
EndProject
Project("{2150E333-8FDC-42A3-9474-1A3956D46DE8}") = "Post.Cmd.Api", "Post.Cmd.Api", "{2BC98785-9975-4D3C-853D-30102B08648E}"
EndProject
Project("{9A19103F-16F7-4668-BE54-9A1E7A4F7556}") = "Post.Cmd.Api", "SM-Post\Post.Cmd.Api\Post.Cmd.Api.csproj", "{D2524CCF-1442-4146-B316-A014EAAFAB60}"
EndProject
Project("{2150E333-8FDC-42A3-9474-1A3956D46DE8}") = "Events", "Events", "{D303C6C2-DDF8-459B-854A-E3A26192A1DF}"
EndProject
Global
	GlobalSection(SolutionConfigurationPlatforms) = preSolution
		Debug|Any CPU = Debug|Any CPU
		Release|Any CPU = Release|Any CPU
	EndGlobalSection
	GlobalSection(ProjectConfigurationPlatforms) = postSolution
		{E6817527-E89A-47DB-82E3-D3DC0268DB36}.Debug|Any CPU.ActiveCfg = Debug|Any CPU
		{E6817527-E89A-47DB-82E3-D3DC0268DB36}.Debug|Any CPU.Build.0 = Debug|Any CPU
		{E6817527-E89A-47DB-82E3-D3DC0268DB36}.Release|Any CPU.ActiveCfg = Release|Any CPU
		{E6817527-E89A-47DB-82E3-D3DC0268DB36}.Release|Any CPU.Build.0 = Release|Any CPU
		{F69B9598-0B15-41C4-BFC1-32D9CEC0935E}.Debug|Any CPU.ActiveCfg = Debug|Any CPU
		{F69B9598-0B15-41C4-BFC1-32D9CEC0935E}.Debug|Any CPU.Build.0 = Debug|Any CPU
		{F69B9598-0B15-41C4-BFC1-32D9CEC0935E}.Release|Any CPU.ActiveCfg = Release|Any CPU
		{F69B9598-0B15-41C4-BFC1-32D9CEC0935E}.Release|Any CPU.Build.0 = Release|Any CPU
		{CB01AD90-B9DB-40AE-9D3C-08C165D88C48}.Debug|Any CPU.ActiveCfg = Debug|Any CPU
		{CB01AD90-B9DB-40AE-9D3C-08C165D88C48}.Debug|Any CPU.Build.0 = Debug|Any CPU
		{CB01AD90-B9DB-40AE-9D3C-08C165D88C48}.Release|Any CPU.ActiveCfg = Release|Any CPU
		{CB01AD90-B9DB-40AE-9D3C-08C165D88C48}.Release|Any CPU.Build.0 = Release|Any CPU
		{B8EE3B42-773F-4491-9B04-FEC6ADA38E08}.Debug|Any CPU.ActiveCfg = Debug|Any CPU
		{B8EE3B42-773F-4491-9B04-FEC6ADA38E08}.Debug|Any CPU.Build.0 = Debug|Any CPU
		{B8EE3B42-773F-4491-9B04-FEC6ADA38E08}.Release|Any CPU.ActiveCfg = Release|Any CPU
		{B8EE3B42-773F-4491-9B04-FEC6ADA38E08}.Release|Any CPU.Build.0 = Release|Any CPU
		{7D8E76A4-908B-478A-BAA9-F8C29076F1EB}.Debug|Any CPU.ActiveCfg = Debug|Any CPU
		{7D8E76A4-908B-478A-BAA9-F8C29076F1EB}.Debug|Any CPU.Build.0 = Debug|Any CPU
		{7D8E76A4-908B-478A-BAA9-F8C29076F1EB}.Release|Any CPU.ActiveCfg = Release|Any CPU
		{7D8E76A4-908B-478A-BAA9-F8C29076F1EB}.Release|Any CPU.Build.0 = Release|Any CPU
		{03876E86-8428-4A38-831E-66DB24C17B94}.Debug|Any CPU.ActiveCfg = Debug|Any CPU
		{03876E86-8428-4A38-831E-66DB24C17B94}.Debug|Any CPU.Build.0 = Debug|Any CPU
		{03876E86-8428-4A38-831E-66DB24C17B94}.Release|Any CPU.ActiveCfg = Release|Any CPU
		{03876E86-8428-4A38-831E-66DB24C17B94}.Release|Any CPU.Build.0 = Release|Any CPU
		{6985BDA7-7C86-4901-AE8A-6CEEC4DB2BFC}.Debug|Any CPU.ActiveCfg = Debug|Any CPU
		{6985BDA7-7C86-4901-AE8A-6CEEC4DB2BFC}.Debug|Any CPU.Build.0 = Debug|Any CPU
		{6985BDA7-7C86-4901-AE8A-6CEEC4DB2BFC}.Release|Any CPU.ActiveCfg = Release|Any CPU
		{6985BDA7-7C86-4901-AE8A-6CEEC4DB2BFC}.Release|Any CPU.Build.0 = Release|Any CPU
		{65B092D3-E875-44B4-92EC-2208298720DA}.Debug|Any CPU.ActiveCfg = Debug|Any CPU
		{65B092D3-E875-44B4-92EC-2208298720DA}.Debug|Any CPU.Build.0 = Debug|Any CPU
		{65B092D3-E875-44B4-92EC-2208298720DA}.Release|Any CPU.ActiveCfg = Release|Any CPU
		{65B092D3-E875-44B4-92EC-2208298720DA}.Release|Any CPU.Build.0 = Release|Any CPU
		{2A96D1CE-9B18-4575-A189-E36E14873696}.Debug|Any CPU.ActiveCfg = Debug|Any CPU
		{2A96D1CE-9B18-4575-A189-E36E14873696}.Debug|Any CPU.Build.0 = Debug|Any CPU
		{2A96D1CE-9B18-4575-A189-E36E14873696}.Release|Any CPU.ActiveCfg = Release|Any CPU
		{2A96D1CE-9B18-4575-A189-E36E14873696}.Release|Any CPU.Build.0 = Release|Any CPU
		{D2524CCF-1442-4146-B316-A014EAAFAB60}.Debug|Any CPU.ActiveCfg = Debug|Any CPU
		{D2524CCF-1442-4146-B316-A014EAAFAB60}.Debug|Any CPU.Build.0 = Debug|Any CPU
		{D2524CCF-1442-4146-B316-A014EAAFAB60}.Release|Any CPU.ActiveCfg = Release|Any CPU
		{D2524CCF-1442-4146-B316-A014EAAFAB60}.Release|Any CPU.Build.0 = Release|Any CPU
	EndGlobalSection
	GlobalSection(SolutionProperties) = preSolution
		HideSolutionNode = FALSE
	EndGlobalSection
	GlobalSection(NestedProjects) = preSolution
		{AAA63E0D-60A7-46A8-9B99-1F49791606DE} = {20A2EFA8-69B3-4428-BC95-A8E1BF1E7D53}
		{2EC4621A-2868-45E3-8538-4B0B6C9CBCD4} = {20A2EFA8-69B3-4428-BC95-A8E1BF1E7D53}
		{169003DF-6010-42D4-B3A9-869E78CEFF7B} = {AAA63E0D-60A7-46A8-9B99-1F49791606DE}
		{55CCF519-D6DF-4015-981F-B9F5161095C9} = {AAA63E0D-60A7-46A8-9B99-1F49791606DE}
		{8F1C33CC-C552-46E9-8C05-9696AF8F8A19} = {2EC4621A-2868-45E3-8538-4B0B6C9CBCD4}
		{736DCF46-01E6-4F50-A2E2-F9EA3994BB0F} = {2EC4621A-2868-45E3-8538-4B0B6C9CBCD4}
		{2EF42289-C8C9-4E47-B78D-F0CEB8BC9D03} = {2EC4621A-2868-45E3-8538-4B0B6C9CBCD4}
		{9C66D3C3-684E-42B8-A752-98D60604AC15} = {56FCDEE8-0132-4960-B981-8778BC3F7029}
		{E6817527-E89A-47DB-82E3-D3DC0268DB36} = {169003DF-6010-42D4-B3A9-869E78CEFF7B}
		{F69B9598-0B15-41C4-BFC1-32D9CEC0935E} = {55CCF519-D6DF-4015-981F-B9F5161095C9}
		{D99A9C72-C8D5-4279-A39F-C2A3D086CEBE} = {20A2EFA8-69B3-4428-BC95-A8E1BF1E7D53}
		{63F112F5-648A-4142-8C90-FEA3339C0CF8} = {D99A9C72-C8D5-4279-A39F-C2A3D086CEBE}
		{32BFC074-08E6-4CE1-9F99-04C778B642E3} = {D99A9C72-C8D5-4279-A39F-C2A3D086CEBE}
		{C395B9C3-FEF1-416E-A58B-46F7E82BAC1D} = {D99A9C72-C8D5-4279-A39F-C2A3D086CEBE}
		{CB01AD90-B9DB-40AE-9D3C-08C165D88C48} = {63F112F5-648A-4142-8C90-FEA3339C0CF8}
		{B8EE3B42-773F-4491-9B04-FEC6ADA38E08} = {32BFC074-08E6-4CE1-9F99-04C778B642E3}
		{7D8E76A4-908B-478A-BAA9-F8C29076F1EB} = {C395B9C3-FEF1-416E-A58B-46F7E82BAC1D}
		{03876E86-8428-4A38-831E-66DB24C17B94} = {8F1C33CC-C552-46E9-8C05-9696AF8F8A19}
		{6985BDA7-7C86-4901-AE8A-6CEEC4DB2BFC} = {736DCF46-01E6-4F50-A2E2-F9EA3994BB0F}
		{65B092D3-E875-44B4-92EC-2208298720DA} = {2EF42289-C8C9-4E47-B78D-F0CEB8BC9D03}
		{2A96D1CE-9B18-4575-A189-E36E14873696} = {9C66D3C3-684E-42B8-A752-98D60604AC15}
		{2BC98785-9975-4D3C-853D-30102B08648E} = {AAA63E0D-60A7-46A8-9B99-1F49791606DE}
		{D2524CCF-1442-4146-B316-A014EAAFAB60} = {2BC98785-9975-4D3C-853D-30102B08648E}
		{D303C6C2-DDF8-459B-854A-E3A26192A1DF} = {D99A9C72-C8D5-4279-A39F-C2A3D086CEBE}
	EndGlobalSection
	GlobalSection(ExtensibilityGlobals) = postSolution
		SolutionGuid = {65E34DD7-EE6A-4BF1-AC20-0B9D79C51DED}
	EndGlobalSection
EndGlobal
